// !$*UTF8*$!
{
	archiveVersion = 1;
	classes = {
	};
	objectVersion = 50;
	objects = {

/* Begin PBXBuildFile section */
		4400596C209B518A00742002 /* CardView.swift in Sources */ = {isa = PBXBuildFile; fileRef = 4400596B209B518A00742002 /* CardView.swift */; };
		4400596E209B51B500742002 /* Card.swift in Sources */ = {isa = PBXBuildFile; fileRef = 4400596D209B51B500742002 /* Card.swift */; };
		4426902A20A0ED1400AB2FFF /* SetModel.swift in Sources */ = {isa = PBXBuildFile; fileRef = 4426902920A0ED1400AB2FFF /* SetModel.swift */; };
		44F11F55209B30E500ED8AD5 /* AppDelegate.swift in Sources */ = {isa = PBXBuildFile; fileRef = 44F11F54209B30E500ED8AD5 /* AppDelegate.swift */; };
		44F11F57209B30E500ED8AD5 /* ViewController.swift in Sources */ = {isa = PBXBuildFile; fileRef = 44F11F56209B30E500ED8AD5 /* ViewController.swift */; };
		44F11F5A209B30E500ED8AD5 /* Main.storyboard in Resources */ = {isa = PBXBuildFile; fileRef = 44F11F58209B30E500ED8AD5 /* Main.storyboard */; };
		44F11F5C209B30E700ED8AD5 /* Assets.xcassets in Resources */ = {isa = PBXBuildFile; fileRef = 44F11F5B209B30E700ED8AD5 /* Assets.xcassets */; };
		44F11F5F209B30E700ED8AD5 /* LaunchScreen.storyboard in Resources */ = {isa = PBXBuildFile; fileRef = 44F11F5D209B30E700ED8AD5 /* LaunchScreen.storyboard */; };
		44F11F6D209B31D300ED8AD5 /* PlayingTableView.swift in Sources */ = {isa = PBXBuildFile; fileRef = 44F11F6B209B31D300ED8AD5 /* PlayingTableView.swift */; };
		44F11F6E209B31D300ED8AD5 /* Grid.swift in Sources */ = {isa = PBXBuildFile; fileRef = 44F11F6C209B31D300ED8AD5 /* Grid.swift */; };
/* End PBXBuildFile section */

/* Begin PBXFileReference section */
		4400596B209B518A00742002 /* CardView.swift */ = {isa = PBXFileReference; lastKnownFileType = sourcecode.swift; path = CardView.swift; sourceTree = "<group>"; };
		4400596D209B51B500742002 /* Card.swift */ = {isa = PBXFileReference; lastKnownFileType = sourcecode.swift; path = Card.swift; sourceTree = "<group>"; };
		4426902920A0ED1400AB2FFF /* SetModel.swift */ = {isa = PBXFileReference; lastKnownFileType = sourcecode.swift; path = SetModel.swift; sourceTree = "<group>"; };
		44F11F51209B30E500ED8AD5 /* Assigment3.app */ = {isa = PBXFileReference; explicitFileType = wrapper.application; includeInIndex = 0; path = Assigment3.app; sourceTree = BUILT_PRODUCTS_DIR; };
		44F11F54209B30E500ED8AD5 /* AppDelegate.swift */ = {isa = PBXFileReference; lastKnownFileType = sourcecode.swift; path = AppDelegate.swift; sourceTree = "<group>"; };
		44F11F56209B30E500ED8AD5 /* ViewController.swift */ = {isa = PBXFileReference; lastKnownFileType = sourcecode.swift; path = ViewController.swift; sourceTree = "<group>"; };
		44F11F59209B30E500ED8AD5 /* Base */ = {isa = PBXFileReference; lastKnownFileType = file.storyboard; name = Base; path = Base.lproj/Main.storyboard; sourceTree = "<group>"; };
		44F11F5B209B30E700ED8AD5 /* Assets.xcassets */ = {isa = PBXFileReference; lastKnownFileType = folder.assetcatalog; path = Assets.xcassets; sourceTree = "<group>"; };
		44F11F5E209B30E700ED8AD5 /* Base */ = {isa = PBXFileReference; lastKnownFileType = file.storyboard; name = Base; path = Base.lproj/LaunchScreen.storyboard; sourceTree = "<group>"; };
		44F11F60209B30E700ED8AD5 /* Info.plist */ = {isa = PBXFileReference; lastKnownFileType = text.plist.xml; path = Info.plist; sourceTree = "<group>"; };
		44F11F6B209B31D300ED8AD5 /* PlayingTableView.swift */ = {isa = PBXFileReference; lastKnownFileType = sourcecode.swift; name = PlayingTableView.swift; path = /Users/eugene/Developer/Assigment3/Assigment3/PlayingTableView.swift; sourceTree = "<absolute>"; };
		44F11F6C209B31D300ED8AD5 /* Grid.swift */ = {isa = PBXFileReference; lastKnownFileType = sourcecode.swift; name = Grid.swift; path = /Users/eugene/Developer/Assigment3/Assigment3/Grid.swift; sourceTree = "<absolute>"; };
/* End PBXFileReference section */

/* Begin PBXFrameworksBuildPhase section */
		44F11F4E209B30E500ED8AD5 /* Frameworks */ = {
			isa = PBXFrameworksBuildPhase;
			buildActionMask = 2147483647;
			files = (
			);
			runOnlyForDeploymentPostprocessing = 0;
		};
/* End PBXFrameworksBuildPhase section */

/* Begin PBXGroup section */
		44F11F48209B30E500ED8AD5 = {
			isa = PBXGroup;
			children = (
				44F11F53209B30E500ED8AD5 /* Assigment3 */,
				44F11F52209B30E500ED8AD5 /* Products */,
			);
			sourceTree = "<group>";
		};
		44F11F52209B30E500ED8AD5 /* Products */ = {
			isa = PBXGroup;
			children = (
				44F11F51209B30E500ED8AD5 /* Assigment3.app */,
			);
			name = Products;
			sourceTree = "<group>";
		};
		44F11F53209B30E500ED8AD5 /* Assigment3 */ = {
			isa = PBXGroup;
			children = (
				44F11F56209B30E500ED8AD5 /* ViewController.swift */,
				44F11F6B209B31D300ED8AD5 /* PlayingTableView.swift */,
				4426902920A0ED1400AB2FFF /* SetModel.swift */,
				4400596D209B51B500742002 /* Card.swift */,
				4400596B209B518A00742002 /* CardView.swift */,
				44F11F6C209B31D300ED8AD5 /* Grid.swift */,
				44F11F58209B30E500ED8AD5 /* Main.storyboard */,
				44F11F60209B30E700ED8AD5 /* Info.plist */,
				44F11F66209B30FD00ED8AD5 /* Supporting files */,
			);
			path = Assigment3;
			sourceTree = "<group>";
		};
		44F11F66209B30FD00ED8AD5 /* Supporting files */ = {
			isa = PBXGroup;
			children = (
				44F11F54209B30E500ED8AD5 /* AppDelegate.swift */,
				44F11F5B209B30E700ED8AD5 /* Assets.xcassets */,
				44F11F5D209B30E700ED8AD5 /* LaunchScreen.storyboard */,
			);
			path = "Supporting files";
			sourceTree = "<group>";
		};
/* End PBXGroup section */

/* Begin PBXNativeTarget section */
		44F11F50209B30E500ED8AD5 /* Assigment3 */ = {
			isa = PBXNativeTarget;
			buildConfigurationList = 44F11F63209B30E700ED8AD5 /* Build configuration list for PBXNativeTarget "Assigment3" */;
			buildPhases = (
				44F11F4D209B30E500ED8AD5 /* Sources */,
				44F11F4E209B30E500ED8AD5 /* Frameworks */,
				44F11F4F209B30E500ED8AD5 /* Resources */,
			);
			buildRules = (
			);
			dependencies = (
			);
			name = Assigment3;
			productName = Assigment3;
			productReference = 44F11F51209B30E500ED8AD5 /* Assigment3.app */;
			productType = "com.apple.product-type.application";
		};
/* End PBXNativeTarget section */

/* Begin PBXProject section */
		44F11F49209B30E500ED8AD5 /* Project object */ = {
			isa = PBXProject;
			attributes = {
				LastSwiftUpdateCheck = 0930;
				LastUpgradeCheck = 0930;
				ORGANIZATIONNAME = eugene;
				TargetAttributes = {
					44F11F50209B30E500ED8AD5 = {
						CreatedOnToolsVersion = 9.3;
					};
				};
			};
			buildConfigurationList = 44F11F4C209B30E500ED8AD5 /* Build configuration list for PBXProject "Assigment3" */;
			compatibilityVersion = "Xcode 9.3";
			developmentRegion = en;
			hasScannedForEncodings = 0;
			knownRegions = (
				en,
				Base,
			);
			mainGroup = 44F11F48209B30E500ED8AD5;
			productRefGroup = 44F11F52209B30E500ED8AD5 /* Products */;
			projectDirPath = "";
			projectRoot = "";
			targets = (
				44F11F50209B30E500ED8AD5 /* Assigment3 */,
			);
		};
/* End PBXProject section */

/* Begin PBXResourcesBuildPhase section */
		44F11F4F209B30E500ED8AD5 /* Resources */ = {
			isa = PBXResourcesBuildPhase;
			buildActionMask = 2147483647;
			files = (
				44F11F5F209B30E700ED8AD5 /* LaunchScreen.storyboard in Resources */,
				44F11F5C209B30E700ED8AD5 /* Assets.xcassets in Resources */,
				44F11F5A209B30E500ED8AD5 /* Main.storyboard in Resources */,
			);
			runOnlyForDeploymentPostprocessing = 0;
		};
/* End PBXResourcesBuildPhase section */

/* Begin PBXSourcesBuildPhase section */
		44F11F4D209B30E500ED8AD5 /* Sources */ = {
			isa = PBXSourcesBuildPhase;
			buildActionMask = 2147483647;
			files = (
				44F11F57209B30E500ED8AD5 /* ViewController.swift in Sources */,
				4400596E209B51B500742002 /* Card.swift in Sources */,
				44F11F55209B30E500ED8AD5 /* AppDelegate.swift in Sources */,
				44F11F6D209B31D300ED8AD5 /* PlayingTableView.swift in Sources */,
				44F11F6E209B31D300ED8AD5 /* Grid.swift in Sources */,
				4426902A20A0ED1400AB2FFF /* SetModel.swift in Sources */,
				4400596C209B518A00742002 /* CardView.swift in Sources */,
			);
			runOnlyForDeploymentPostprocessing = 0;
		};
/* End PBXSourcesBuildPhase section */

/* Begin PBXVariantGroup section */
		44F11F58209B30E500ED8AD5 /* Main.storyboard */ = {
			isa = PBXVariantGroup;
			children = (
				44F11F59209B30E500ED8AD5 /* Base */,
			);
			name = Main.storyboard;
			sourceTree = "<group>";
		};
		44F11F5D209B30E700ED8AD5 /* LaunchScreen.storyboard */ = {
			isa = PBXVariantGroup;
			children = (
				44F11F5E209B30E700ED8AD5 /* Base */,
			);
			name = LaunchScreen.storyboard;
			sourceTree = "<group>";
		};
/* End PBXVariantGroup section */

/* Begin XCBuildConfiguration section */
		44F11F61209B30E700ED8AD5 /* Debug */ = {
			isa = XCBuildConfiguration;
			buildSettings = {
				ALWAYS_SEARCH_USER_PATHS = NO;
				CLANG_ANALYZER_NONNULL = YES;
				CLANG_ANALYZER_NUMBER_OBJECT_CONVERSION = YES_AGGRESSIVE;
				CLANG_CXX_LANGUAGE_STANDARD = "gnu++14";
				CLANG_CXX_LIBRARY = "libc++";
				CLANG_ENABLE_MODULES = YES;
				CLANG_ENABLE_OBJC_ARC = YES;
				CLANG_ENABLE_OBJC_WEAK = YES;
				CLANG_WARN_BLOCK_CAPTURE_AUTORELEASING = YES;
				CLANG_WARN_BOOL_CONVERSION = YES;
				CLANG_WARN_COMMA = YES;
				CLANG_WARN_CONSTANT_CONVERSION = YES;
				CLANG_WARN_DEPRECATED_OBJC_IMPLEMENTATIONS = YES;
				CLANG_WARN_DIRECT_OBJC_ISA_USAGE = YES_ERROR;
				CLANG_WARN_DOCUMENTATION_COMMENTS = YES;
				CLANG_WARN_EMPTY_BODY = YES;
				CLANG_WARN_ENUM_CONVERSION = YES;
				CLANG_WARN_INFINITE_RECURSION = YES;
				CLANG_WARN_INT_CONVERSION = YES;
				CLANG_WARN_NON_LITERAL_NULL_CONVERSION = YES;
				CLANG_WARN_OBJC_IMPLICIT_RETAIN_SELF = YES;
				CLANG_WARN_OBJC_LITERAL_CONVERSION = YES;
				CLANG_WARN_OBJC_ROOT_CLASS = YES_ERROR;
				CLANG_WARN_RANGE_LOOP_ANALYSIS = YES;
				CLANG_WARN_STRICT_PROTOTYPES = YES;
				CLANG_WARN_SUSPICIOUS_MOVE = YES;
				CLANG_WARN_UNGUARDED_AVAILABILITY = YES_AGGRESSIVE;
				CLANG_WARN_UNREACHABLE_CODE = YES;
				CLANG_WARN__DUPLICATE_METHOD_MATCH = YES;
				CODE_SIGN_IDENTITY = "iPhone Developer";
				COPY_PHASE_STRIP = NO;
				DEBUG_INFORMATION_FORMAT = dwarf;
				ENABLE_STRICT_OBJC_MSGSEND = YES;
				ENABLE_TESTABILITY = YES;
				GCC_C_LANGUAGE_STANDARD = gnu11;
				GCC_DYNAMIC_NO_PIC = NO;
				GCC_NO_COMMON_BLOCKS = YES;
				GCC_OPTIMIZATION_LEVEL = 0;
				GCC_PREPROCESSOR_DEFINITIONS = (
					"DEBUG=1",
					"$(inherited)",
				);
				GCC_WARN_64_TO_32_BIT_CONVERSION = YES;
				GCC_WARN_ABOUT_RETURN_TYPE = YES_ERROR;
				GCC_WARN_UNDECLARED_SELECTOR = YES;
				GCC_WARN_UNINITIALIZED_AUTOS = YES_AGGRESSIVE;
				GCC_WARN_UNUSED_FUNCTION = YES;
				GCC_WARN_UNUSED_VARIABLE = YES;
				IPHONEOS_DEPLOYMENT_TARGET = 11.3;
				MTL_ENABLE_DEBUG_INFO = YES;
				ONLY_ACTIVE_ARCH = YES;
				SDKROOT = iphoneos;
				SWIFT_ACTIVE_COMPILATION_CONDITIONS = DEBUG;
				SWIFT_OPTIMIZATION_LEVEL = "-Onone";
			};
			name = Debug;
		};
		44F11F62209B30E700ED8AD5 /* Release */ = {
			isa = XCBuildConfiguration;
			buildSettings = {
				ALWAYS_SEARCH_USER_PATHS = NO;
				CLANG_ANALYZER_NONNULL = YES;
				CLANG_ANALYZER_NUMBER_OBJECT_CONVERSION = YES_AGGRESSIVE;
				CLANG_CXX_LANGUAGE_STANDARD = "gnu++14";
				CLANG_CXX_LIBRARY = "libc++";
				CLANG_ENABLE_MODULES = YES;
				CLANG_ENABLE_OBJC_ARC = YES;
				CLANG_ENABLE_OBJC_WEAK = YES;
				CLANG_WARN_BLOCK_CAPTURE_AUTORELEASING = YES;
				CLANG_WARN_BOOL_CONVERSION = YES;
				CLANG_WARN_COMMA = YES;
				CLANG_WARN_CONSTANT_CONVERSION = YES;
				CLANG_WARN_DEPRECATED_OBJC_IMPLEMENTATIONS = YES;
				CLANG_WARN_DIRECT_OBJC_ISA_USAGE = YES_ERROR;
				CLANG_WARN_DOCUMENTATION_COMMENTS = YES;
				CLANG_WARN_EMPTY_BODY = YES;
				CLANG_WARN_ENUM_CONVERSION = YES;
				CLANG_WARN_INFINITE_RECURSION = YES;
				CLANG_WARN_INT_CONVERSION = YES;
				CLANG_WARN_NON_LITERAL_NULL_CONVERSION = YES;
				CLANG_WARN_OBJC_IMPLICIT_RETAIN_SELF = YES;
				CLANG_WARN_OBJC_LITERAL_CONVERSION = YES;
				CLANG_WARN_OBJC_ROOT_CLASS = YES_ERROR;
				CLANG_WARN_RANGE_LOOP_ANALYSIS = YES;
				CLANG_WARN_STRICT_PROTOTYPES = YES;
				CLANG_WARN_SUSPICIOUS_MOVE = YES;
				CLANG_WARN_UNGUARDED_AVAILABILITY = YES_AGGRESSIVE;
				CLANG_WARN_UNREACHABLE_CODE = YES;
				CLANG_WARN__DUPLICATE_METHOD_MATCH = YES;
				CODE_SIGN_IDENTITY = "iPhone Developer";
				COPY_PHASE_STRIP = NO;
				DEBUG_INFORMATION_FORMAT = "dwarf-with-dsym";
				ENABLE_NS_ASSERTIONS = NO;
				ENABLE_STRICT_OBJC_MSGSEND = YES;
				GCC_C_LANGUAGE_STANDARD = gnu11;
				GCC_NO_COMMON_BLOCKS = YES;
				GCC_WARN_64_TO_32_BIT_CONVERSION = YES;
				GCC_WARN_ABOUT_RETURN_TYPE = YES_ERROR;
				GCC_WARN_UNDECLARED_SELECTOR = YES;
				GCC_WARN_UNINITIALIZED_AUTOS = YES_AGGRESSIVE;
				GCC_WARN_UNUSED_FUNCTION = YES;
				GCC_WARN_UNUSED_VARIABLE = YES;
				IPHONEOS_DEPLOYMENT_TARGET = 11.3;
				MTL_ENABLE_DEBUG_INFO = NO;
				SDKROOT = iphoneos;
				SWIFT_COMPILATION_MODE = wholemodule;
				SWIFT_OPTIMIZATION_LEVEL = "-O";
				VALIDATE_PRODUCT = YES;
			};
			name = Release;
		};
		44F11F64209B30E700ED8AD5 /* Debug */ = {
			isa = XCBuildConfiguration;
			buildSettings = {
				ASSETCATALOG_COMPILER_APPICON_NAME = AppIcon;
				CODE_SIGN_STYLE = Automatic;
				INFOPLIST_FILE = Assigment3/Info.plist;
				LD_RUNPATH_SEARCH_PATHS = (
					"$(inherited)",
					"@executable_path/Frameworks",
				);
				PRODUCT_BUNDLE_IDENTIFIER = evgeniiledinin.Assigment3;
				PRODUCT_NAME = "$(TARGET_NAME)";
				SWIFT_VERSION = 4.0;
				TARGETED_DEVICE_FAMILY = "1,2";
			};
			name = Debug;
		};
		44F11F65209B30E700ED8AD5 /* Release */ = {
			isa = XCBuildConfiguration;
			buildSettings = {
				ASSETCATALOG_COMPILER_APPICON_NAME = AppIcon;
				CODE_SIGN_STYLE = Automatic;
				INFOPLIST_FILE = Assigment3/Info.plist;
				LD_RUNPATH_SEARCH_PATHS = (
					"$(inherited)",
					"@executable_path/Frameworks",
				);
				PRODUCT_BUNDLE_IDENTIFIER = evgeniiledinin.Assigment3;
				PRODUCT_NAME = "$(TARGET_NAME)";
				SWIFT_VERSION = 4.0;
				TARGETED_DEVICE_FAMILY = "1,2";
			};
			name = Release;
		};
/* End XCBuildConfiguration section */

/* Begin XCConfigurationList section */
		44F11F4C209B30E500ED8AD5 /* Build configuration list for PBXProject "Assigment3" */ = {
			isa = XCConfigurationList;
			buildConfigurations = (
				44F11F61209B30E700ED8AD5 /* Debug */,
				44F11F62209B30E700ED8AD5 /* Release */,
			);
			defaultConfigurationIsVisible = 0;
			defaultConfigurationName = Release;
		};
		44F11F63209B30E700ED8AD5 /* Build configuration list for PBXNativeTarget "Assigment3" */ = {
			isa = XCConfigurationList;
			buildConfigurations = (
				44F11F64209B30E700ED8AD5 /* Debug */,
				44F11F65209B30E700ED8AD5 /* Release */,
			);
			defaultConfigurationIsVisible = 0;
			defaultConfigurationName = Release;
		};
/* End XCConfigurationList section */
	};
	rootObject = 44F11F49209B30E500ED8AD5 /* Project object */;
}
